
Microsoft Visual Studio Solution File, Format Version 12.00
# Visual Studio 2012
Project("{FAE04EC0-301F-11D3-BF4B-00C04F79EFBC}") = "QuidditchManager", "QuidditchManager\QuidditchManager.csproj", "{E9366110-139B-4E6B-98FB-49FF07984744}"
EndProject
Project("{FAE04EC0-301F-11D3-BF4B-00C04F79EFBC}") = "DataAccessLayer", "DataAcessLayer\DataAccessLayer.csproj", "{D669F7D9-ACE4-4264-A2C1-F01AB304E3D3}"
EndProject
Project("{FAE04EC0-301F-11D3-BF4B-00C04F79EFBC}") = "BusinessLayer", "BusinessLayer\BusinessLayer.csproj", "{6E75E890-8492-4249-9EEA-AD9A29A5077D}"
EndProject
<<<<<<< HEAD
Project("{FAE04EC0-301F-11D3-BF4B-00C04F79EFBC}") = "QuidditchWP", "QuidditchWP\QuidditchWP.csproj", "{EE47CE9D-1520-4BD8-AA6E-52B987582E39}"
EndProject
=======
>>>>>>> 21c4069c6ed6ad2fe49b5b369a26ae5a73142517
Global
	GlobalSection(SolutionConfigurationPlatforms) = preSolution
		Debug|Any CPU = Debug|Any CPU
		Release|Any CPU = Release|Any CPU
	EndGlobalSection
	GlobalSection(ProjectConfigurationPlatforms) = postSolution
		{E9366110-139B-4E6B-98FB-49FF07984744}.Debug|Any CPU.ActiveCfg = Debug|Any CPU
		{E9366110-139B-4E6B-98FB-49FF07984744}.Debug|Any CPU.Build.0 = Debug|Any CPU
		{E9366110-139B-4E6B-98FB-49FF07984744}.Release|Any CPU.ActiveCfg = Release|Any CPU
		{E9366110-139B-4E6B-98FB-49FF07984744}.Release|Any CPU.Build.0 = Release|Any CPU
		{D669F7D9-ACE4-4264-A2C1-F01AB304E3D3}.Debug|Any CPU.ActiveCfg = Debug|Any CPU
		{D669F7D9-ACE4-4264-A2C1-F01AB304E3D3}.Debug|Any CPU.Build.0 = Debug|Any CPU
		{D669F7D9-ACE4-4264-A2C1-F01AB304E3D3}.Release|Any CPU.ActiveCfg = Release|Any CPU
		{D669F7D9-ACE4-4264-A2C1-F01AB304E3D3}.Release|Any CPU.Build.0 = Release|Any CPU
		{6E75E890-8492-4249-9EEA-AD9A29A5077D}.Debug|Any CPU.ActiveCfg = Debug|Any CPU
		{6E75E890-8492-4249-9EEA-AD9A29A5077D}.Debug|Any CPU.Build.0 = Debug|Any CPU
		{6E75E890-8492-4249-9EEA-AD9A29A5077D}.Release|Any CPU.ActiveCfg = Release|Any CPU
		{6E75E890-8492-4249-9EEA-AD9A29A5077D}.Release|Any CPU.Build.0 = Release|Any CPU
<<<<<<< HEAD
		{EE47CE9D-1520-4BD8-AA6E-52B987582E39}.Debug|Any CPU.ActiveCfg = Debug|Any CPU
		{EE47CE9D-1520-4BD8-AA6E-52B987582E39}.Debug|Any CPU.Build.0 = Debug|Any CPU
		{EE47CE9D-1520-4BD8-AA6E-52B987582E39}.Release|Any CPU.ActiveCfg = Release|Any CPU
		{EE47CE9D-1520-4BD8-AA6E-52B987582E39}.Release|Any CPU.Build.0 = Release|Any CPU
=======
>>>>>>> 21c4069c6ed6ad2fe49b5b369a26ae5a73142517
	EndGlobalSection
	GlobalSection(SolutionProperties) = preSolution
		HideSolutionNode = FALSE
	EndGlobalSection
EndGlobal
